
Microsoft Visual Studio Solution File, Format Version 12.00
# Visual Studio Version 17
VisualStudioVersion = 17.1.32210.238
MinimumVisualStudioVersion = 10.0.40219.1
Project("{FAE04EC0-301F-11D3-BF4B-00C04F79EFBC}") = "Resturant.Services", "Resturant.Services\Resturant.Services.csproj", "{0075858D-C489-4E0D-AC21-1809C7CB8362}"
EndProject
Project("{FAE04EC0-301F-11D3-BF4B-00C04F79EFBC}") = "Resturant.Server", "Resturant.Server\Resturant.Server.csproj", "{3A699EC0-A74E-4AF6-ABC5-77709062B354}"
EndProject
Project("{FAE04EC0-301F-11D3-BF4B-00C04F79EFBC}") = "Resturant.Client", "Resturant.Client\Resturant.Client.csproj", "{02E3FBEA-5A78-4A51-842F-FECBF17C5971}"
EndProject
Project("{FAE04EC0-301F-11D3-BF4B-00C04F79EFBC}") = "Resturant.WindowsClient", "Resturant.WindowsClient\Resturant.WindowsClient.csproj", "{DCEC5216-CD8C-4053-9CAF-561F01E1E07C}"
EndProject
Global
	GlobalSection(SolutionConfigurationPlatforms) = preSolution
		Debug|Any CPU = Debug|Any CPU
		Release|Any CPU = Release|Any CPU
	EndGlobalSection
	GlobalSection(ProjectConfigurationPlatforms) = postSolution
		{0075858D-C489-4E0D-AC21-1809C7CB8362}.Debug|Any CPU.ActiveCfg = Debug|Any CPU
		{0075858D-C489-4E0D-AC21-1809C7CB8362}.Debug|Any CPU.Build.0 = Debug|Any CPU
		{0075858D-C489-4E0D-AC21-1809C7CB8362}.Release|Any CPU.ActiveCfg = Release|Any CPU
		{0075858D-C489-4E0D-AC21-1809C7CB8362}.Release|Any CPU.Build.0 = Release|Any CPU
		{3A699EC0-A74E-4AF6-ABC5-77709062B354}.Debug|Any CPU.ActiveCfg = Debug|Any CPU
		{3A699EC0-A74E-4AF6-ABC5-77709062B354}.Debug|Any CPU.Build.0 = Debug|Any CPU
		{3A699EC0-A74E-4AF6-ABC5-77709062B354}.Release|Any CPU.ActiveCfg = Release|Any CPU
		{3A699EC0-A74E-4AF6-ABC5-77709062B354}.Release|Any CPU.Build.0 = Release|Any CPU
		{02E3FBEA-5A78-4A51-842F-FECBF17C5971}.Debug|Any CPU.ActiveCfg = Debug|Any CPU
		{02E3FBEA-5A78-4A51-842F-FECBF17C5971}.Debug|Any CPU.Build.0 = Debug|Any CPU
		{02E3FBEA-5A78-4A51-842F-FECBF17C5971}.Release|Any CPU.ActiveCfg = Release|Any CPU
		{02E3FBEA-5A78-4A51-842F-FECBF17C5971}.Release|Any CPU.Build.0 = Release|Any CPU
		{DCEC5216-CD8C-4053-9CAF-561F01E1E07C}.Debug|Any CPU.ActiveCfg = Debug|Any CPU
		{DCEC5216-CD8C-4053-9CAF-561F01E1E07C}.Debug|Any CPU.Build.0 = Debug|Any CPU
		{DCEC5216-CD8C-4053-9CAF-561F01E1E07C}.Release|Any CPU.ActiveCfg = Release|Any CPU
		{DCEC5216-CD8C-4053-9CAF-561F01E1E07C}.Release|Any CPU.Build.0 = Release|Any CPU
	EndGlobalSection
	GlobalSection(SolutionProperties) = preSolution
		HideSolutionNode = FALSE
	EndGlobalSection
	GlobalSection(ExtensibilityGlobals) = postSolution
		SolutionGuid = {7BC04A8E-DB6A-4165-8D78-681BBC8859A7}
	EndGlobalSection
EndGlobal
